
Microsoft Visual Studio Solution File, Format Version 12.00
# Visual Studio Version 17
VisualStudioVersion = 17.7.34221.43
MinimumVisualStudioVersion = 10.0.40219.1
Project("{FAE04EC0-301F-11D3-BF4B-00C04F79EFBC}") = "BookMyShowProjectNewAPI", "BookMyShowProjectNewAPI.csproj", "{DE60F8FF-3C90-45A9-ABE6-301CE82302B5}"
EndProject
Global
	GlobalSection(SolutionConfigurationPlatforms) = preSolution
		Debug|Any CPU = Debug|Any CPU
		Release|Any CPU = Release|Any CPU
	EndGlobalSection
	GlobalSection(ProjectConfigurationPlatforms) = postSolution
		{DE60F8FF-3C90-45A9-ABE6-301CE82302B5}.Debug|Any CPU.ActiveCfg = Debug|Any CPU
		{DE60F8FF-3C90-45A9-ABE6-301CE82302B5}.Debug|Any CPU.Build.0 = Debug|Any CPU
		{DE60F8FF-3C90-45A9-ABE6-301CE82302B5}.Release|Any CPU.ActiveCfg = Release|Any CPU
		{DE60F8FF-3C90-45A9-ABE6-301CE82302B5}.Release|Any CPU.Build.0 = Release|Any CPU
	EndGlobalSection
	GlobalSection(SolutionProperties) = preSolution
		HideSolutionNode = FALSE
	EndGlobalSection
	GlobalSection(ExtensibilityGlobals) = postSolution
		SolutionGuid = {BDD27AAE-6E1C-44EB-8585-7E8406DB5C59}
	EndGlobalSection
EndGlobal
